{
  "name": "minidauth-tideless-example",
  "version": "0.1.0",
  "lockfileVersion": 3,
  "requires": true,
  "packages": {
    "": {
      "name": "minidauth-tideless-example",
      "version": "0.1.0",
      "dependencies": {
        "@tideorg/js": "0.14.25"
      }
    },
    "node_modules/@tideorg/js": {
      "version": "0.14.25",
      "resolved": "https://registry.npmjs.org/@tideorg/js/-/js-0.14.25.tgz",
      "integrity": "sha512-Hedsg356/CDhed0mCgiLwv87fhegrOYgAdRZ7KE7icj1ADk/EYnNpk5VOM/lbcFuA7CmPwnIb67r7iaAK3RtUg==",
      "license": "SEE LICENSE IN LICENSE"
    }
  }
}
